
Microsoft Visual Studio Solution File, Format Version 12.00
# Visual Studio Version 17
VisualStudioVersion = 17.0.31903.59
MinimumVisualStudioVersion = 10.0.40219.1
Project("{2150E333-8FDC-42A3-9474-1A3956D46DE8}") = "src", "src", "{69DA3647-E38B-4DE3-A067-07DE44DCB48C}"
EndProject
Project("{2150E333-8FDC-42A3-9474-1A3956D46DE8}") = "MedicationService", "MedicationService", "{4E8DFDB7-6441-47E9-BBC8-F0E092C1A856}"
EndProject
Project("{FAE04EC0-301F-11D3-BF4B-00C04F79EFBC}") = "MedicationService.Domain", "src\MedicationService\MedicationService.Domain\MedicationService.Domain.csproj", "{819B80E6-FFA2-4B79-8FEC-F2E6FD99FCAE}"
EndProject
Project("{FAE04EC0-301F-11D3-BF4B-00C04F79EFBC}") = "MedicationService.Application", "src\MedicationService\MedicationService.Application\MedicationService.Application.csproj", "{EE6A8C48-2334-4260-8E9C-7A61F93E4347}"
EndProject
Project("{FAE04EC0-301F-11D3-BF4B-00C04F79EFBC}") = "MedicationService.Infrastructure", "src\MedicationService\MedicationService.Infrastructure\MedicationService.Infrastructure.csproj", "{BD3B4D66-4615-4C73-8762-EB5E9D6CA9E4}"
EndProject
Project("{FAE04EC0-301F-11D3-BF4B-00C04F79EFBC}") = "MedicationService.API", "src\MedicationService\MedicationService.API\MedicationService.API.csproj", "{8E3EF1AB-8967-47EB-AC5A-A3A3309A771E}"
EndProject
Project("{2150E333-8FDC-42A3-9474-1A3956D46DE8}") = "UserHealthService", "UserHealthService", "{53D9F43E-9CE9-40D9-9AB3-5DE71326F009}"
EndProject
Project("{FAE04EC0-301F-11D3-BF4B-00C04F79EFBC}") = "UserHealthService.Domain", "src\UserHealthService\UserHealthService.Domain\UserHealthService.Domain.csproj", "{0206A00D-1CCB-4762-BA44-DE7F3C9F843C}"
EndProject
Project("{FAE04EC0-301F-11D3-BF4B-00C04F79EFBC}") = "UserHealthService.Application", "src\UserHealthService\UserHealthService.Application\UserHealthService.Application.csproj", "{E876E3A9-5429-442C-935C-D5F3BEBC1DCB}"
EndProject
Project("{FAE04EC0-301F-11D3-BF4B-00C04F79EFBC}") = "UserHealthService.Infrastructure", "src\UserHealthService\UserHealthService.Infrastructure\UserHealthService.Infrastructure.csproj", "{C50C58C2-0048-454B-97E7-90A8D54A062E}"
EndProject
Project("{FAE04EC0-301F-11D3-BF4B-00C04F79EFBC}") = "UserHealthService.API", "src\UserHealthService\UserHealthService.API\UserHealthService.API.csproj", "{27BF7815-389B-4BD8-B3FC-C4571F692377}"
EndProject
Project("{2150E333-8FDC-42A3-9474-1A3956D46DE8}") = "tests", "tests", "{7AD5EFB8-4075-4B1B-951E-B7AFB52F5F8C}"
EndProject
Project("{FAE04EC0-301F-11D3-BF4B-00C04F79EFBC}") = "MedicationService.Tests", "tests\MedicationService.Tests\MedicationService.Tests.csproj", "{9012CC4C-7948-4475-BF25-FB938473AE53}"
EndProject
Project("{FAE04EC0-301F-11D3-BF4B-00C04F79EFBC}") = "UserHealthService.Tests", "tests\UserHealthService.Tests\UserHealthService.Tests.csproj", "{BA48DBDC-26E7-4FE0-BCA0-A014F99241DF}"
EndProject
Global
	GlobalSection(SolutionConfigurationPlatforms) = preSolution
		Debug|Any CPU = Debug|Any CPU
		Release|Any CPU = Release|Any CPU
	EndGlobalSection
	GlobalSection(ProjectConfigurationPlatforms) = postSolution
		{819B80E6-FFA2-4B79-8FEC-F2E6FD99FCAE}.Debug|Any CPU.ActiveCfg = Debug|Any CPU
		{819B80E6-FFA2-4B79-8FEC-F2E6FD99FCAE}.Debug|Any CPU.Build.0 = Debug|Any CPU
		{819B80E6-FFA2-4B79-8FEC-F2E6FD99FCAE}.Release|Any CPU.ActiveCfg = Release|Any CPU
		{819B80E6-FFA2-4B79-8FEC-F2E6FD99FCAE}.Release|Any CPU.Build.0 = Release|Any CPU
		{EE6A8C48-2334-4260-8E9C-7A61F93E4347}.Debug|Any CPU.ActiveCfg = Debug|Any CPU
		{EE6A8C48-2334-4260-8E9C-7A61F93E4347}.Debug|Any CPU.Build.0 = Debug|Any CPU
		{EE6A8C48-2334-4260-8E9C-7A61F93E4347}.Release|Any CPU.ActiveCfg = Release|Any CPU
		{EE6A8C48-2334-4260-8E9C-7A61F93E4347}.Release|Any CPU.Build.0 = Release|Any CPU
		{BD3B4D66-4615-4C73-8762-EB5E9D6CA9E4}.Debug|Any CPU.ActiveCfg = Debug|Any CPU
		{BD3B4D66-4615-4C73-8762-EB5E9D6CA9E4}.Debug|Any CPU.Build.0 = Debug|Any CPU
		{BD3B4D66-4615-4C73-8762-EB5E9D6CA9E4}.Release|Any CPU.ActiveCfg = Release|Any CPU
		{BD3B4D66-4615-4C73-8762-EB5E9D6CA9E4}.Release|Any CPU.Build.0 = Release|Any CPU
		{8E3EF1AB-8967-47EB-AC5A-A3A3309A771E}.Debug|Any CPU.ActiveCfg = Debug|Any CPU
		{8E3EF1AB-8967-47EB-AC5A-A3A3309A771E}.Debug|Any CPU.Build.0 = Debug|Any CPU
		{8E3EF1AB-8967-47EB-AC5A-A3A3309A771E}.Release|Any CPU.ActiveCfg = Release|Any CPU
		{8E3EF1AB-8967-47EB-AC5A-A3A3309A771E}.Release|Any CPU.Build.0 = Release|Any CPU
		{0206A00D-1CCB-4762-BA44-DE7F3C9F843C}.Debug|Any CPU.ActiveCfg = Debug|Any CPU
		{0206A00D-1CCB-4762-BA44-DE7F3C9F843C}.Debug|Any CPU.Build.0 = Debug|Any CPU
		{0206A00D-1CCB-4762-BA44-DE7F3C9F843C}.Release|Any CPU.ActiveCfg = Release|Any CPU
		{0206A00D-1CCB-4762-BA44-DE7F3C9F843C}.Release|Any CPU.Build.0 = Release|Any CPU
		{E876E3A9-5429-442C-935C-D5F3BEBC1DCB}.Debug|Any CPU.ActiveCfg = Debug|Any CPU
		{E876E3A9-5429-442C-935C-D5F3BEBC1DCB}.Debug|Any CPU.Build.0 = Debug|Any CPU
		{E876E3A9-5429-442C-935C-D5F3BEBC1DCB}.Release|Any CPU.ActiveCfg = Release|Any CPU
		{E876E3A9-5429-442C-935C-D5F3BEBC1DCB}.Release|Any CPU.Build.0 = Release|Any CPU
		{C50C58C2-0048-454B-97E7-90A8D54A062E}.Debug|Any CPU.ActiveCfg = Debug|Any CPU
		{C50C58C2-0048-454B-97E7-90A8D54A062E}.Debug|Any CPU.Build.0 = Debug|Any CPU
		{C50C58C2-0048-454B-97E7-90A8D54A062E}.Release|Any CPU.ActiveCfg = Release|Any CPU
		{C50C58C2-0048-454B-97E7-90A8D54A062E}.Release|Any CPU.Build.0 = Release|Any CPU
		{27BF7815-389B-4BD8-B3FC-C4571F692377}.Debug|Any CPU.ActiveCfg = Debug|Any CPU
		{27BF7815-389B-4BD8-B3FC-C4571F692377}.Debug|Any CPU.Build.0 = Debug|Any CPU
		{27BF7815-389B-4BD8-B3FC-C4571F692377}.Release|Any CPU.ActiveCfg = Release|Any CPU
		{27BF7815-389B-4BD8-B3FC-C4571F692377}.Release|Any CPU.Build.0 = Release|Any CPU
		{9012CC4C-7948-4475-BF25-FB938473AE53}.Debug|Any CPU.ActiveCfg = Debug|Any CPU
		{9012CC4C-7948-4475-BF25-FB938473AE53}.Debug|Any CPU.Build.0 = Debug|Any CPU
		{9012CC4C-7948-4475-BF25-FB938473AE53}.Release|Any CPU.ActiveCfg = Release|Any CPU
		{9012CC4C-7948-4475-BF25-FB938473AE53}.Release|Any CPU.Build.0 = Release|Any CPU
		{BA48DBDC-26E7-4FE0-BCA0-A014F99241DF}.Debug|Any CPU.ActiveCfg = Debug|Any CPU
		{BA48DBDC-26E7-4FE0-BCA0-A014F99241DF}.Debug|Any CPU.Build.0 = Debug|Any CPU
		{BA48DBDC-26E7-4FE0-BCA0-A014F99241DF}.Release|Any CPU.ActiveCfg = Release|Any CPU
		{BA48DBDC-26E7-4FE0-BCA0-A014F99241DF}.Release|Any CPU.Build.0 = Release|Any CPU
	EndGlobalSection
	GlobalSection(SolutionProperties) = preSolution
		HideSolutionNode = FALSE
	EndGlobalSection
	GlobalSection(NestedProjects) = preSolution
		{4E8DFDB7-6441-47E9-BBC8-F0E092C1A856} = {69DA3647-E38B-4DE3-A067-07DE44DCB48C}
		{819B80E6-FFA2-4B79-8FEC-F2E6FD99FCAE} = {4E8DFDB7-6441-47E9-BBC8-F0E092C1A856}
		{EE6A8C48-2334-4260-8E9C-7A61F93E4347} = {4E8DFDB7-6441-47E9-BBC8-F0E092C1A856}
		{BD3B4D66-4615-4C73-8762-EB5E9D6CA9E4} = {4E8DFDB7-6441-47E9-BBC8-F0E092C1A856}
		{8E3EF1AB-8967-47EB-AC5A-A3A3309A771E} = {4E8DFDB7-6441-47E9-BBC8-F0E092C1A856}
		{53D9F43E-9CE9-40D9-9AB3-5DE71326F009} = {69DA3647-E38B-4DE3-A067-07DE44DCB48C}
		{0206A00D-1CCB-4762-BA44-DE7F3C9F843C} = {53D9F43E-9CE9-40D9-9AB3-5DE71326F009}
		{E876E3A9-5429-442C-935C-D5F3BEBC1DCB} = {53D9F43E-9CE9-40D9-9AB3-5DE71326F009}
		{C50C58C2-0048-454B-97E7-90A8D54A062E} = {53D9F43E-9CE9-40D9-9AB3-5DE71326F009}
		{27BF7815-389B-4BD8-B3FC-C4571F692377} = {53D9F43E-9CE9-40D9-9AB3-5DE71326F009}
		{9012CC4C-7948-4475-BF25-FB938473AE53} = {7AD5EFB8-4075-4B1B-951E-B7AFB52F5F8C}
		{BA48DBDC-26E7-4FE0-BCA0-A014F99241DF} = {7AD5EFB8-4075-4B1B-951E-B7AFB52F5F8C}
	EndGlobalSection
	GlobalSection(ExtensibilityGlobals) = postSolution
		SolutionGuid = {86D98468-3A0E-4AA6-8B18-8EA1342AEE89}
	EndGlobalSection
EndGlobal
